
Microsoft Visual Studio Solution File, Format Version 12.00
Project("{FAE04EC0-301F-11D3-BF4B-00C04F79EFBC}") = "PetPPP", "src\PetPPP\PetPPP.csproj", "{9F15BEBE-5169-4C05-81F9-C2364C623BF8}"
EndProject
Project("{FAE04EC0-301F-11D3-BF4B-00C04F79EFBC}") = "ServiceContracts", "src\ServiceContracts\ServiceContracts.csproj", "{6C02E53D-5E8A-48D6-AFAE-5C14DC35B61D}"
EndProject
Project("{FAE04EC0-301F-11D3-BF4B-00C04F79EFBC}") = "MailService", "src\MailService\MailService.csproj", "{BBBE478D-E6ED-4194-83C0-FE9E0325AA6E}"
EndProject
Project("{2150E333-8FDC-42A3-9474-1A3956D46DE8}") = "src", "src", "{3006B4E8-04EE-4EA2-9D33-4D3F26570E28}"
EndProject
Project("{FAE04EC0-301F-11D3-BF4B-00C04F79EFBC}") = "Core", "src\Core\Core.csproj", "{C189A75B-EFD2-48E4-9AD7-C3EA82ADDDB4}"
EndProject
Project("{FAE04EC0-301F-11D3-BF4B-00C04F79EFBC}") = "CommonBLL", "src\CommonBLL\CommonBLL.csproj", "{826A88E1-C2C1-4CE2-866E-3E412219F96A}"
EndProject
Project("{FAE04EC0-301F-11D3-BF4B-00C04F79EFBC}") = "CommonBLL.Abstarctions", "src\CommonBLL.Abstarctions\CommonBLL.Abstarctions.csproj", "{F9CC835A-2325-4671-8497-C3CCE8F97101}"
EndProject
Global
	GlobalSection(SolutionConfigurationPlatforms) = preSolution
		Debug|Any CPU = Debug|Any CPU
		Release|Any CPU = Release|Any CPU
	EndGlobalSection
	GlobalSection(ProjectConfigurationPlatforms) = postSolution
		{9F15BEBE-5169-4C05-81F9-C2364C623BF8}.Debug|Any CPU.ActiveCfg = Debug|Any CPU
		{9F15BEBE-5169-4C05-81F9-C2364C623BF8}.Debug|Any CPU.Build.0 = Debug|Any CPU
		{9F15BEBE-5169-4C05-81F9-C2364C623BF8}.Release|Any CPU.ActiveCfg = Release|Any CPU
		{9F15BEBE-5169-4C05-81F9-C2364C623BF8}.Release|Any CPU.Build.0 = Release|Any CPU
		{6C02E53D-5E8A-48D6-AFAE-5C14DC35B61D}.Debug|Any CPU.ActiveCfg = Debug|Any CPU
		{6C02E53D-5E8A-48D6-AFAE-5C14DC35B61D}.Debug|Any CPU.Build.0 = Debug|Any CPU
		{6C02E53D-5E8A-48D6-AFAE-5C14DC35B61D}.Release|Any CPU.ActiveCfg = Release|Any CPU
		{6C02E53D-5E8A-48D6-AFAE-5C14DC35B61D}.Release|Any CPU.Build.0 = Release|Any CPU
		{BBBE478D-E6ED-4194-83C0-FE9E0325AA6E}.Debug|Any CPU.ActiveCfg = Debug|Any CPU
		{BBBE478D-E6ED-4194-83C0-FE9E0325AA6E}.Debug|Any CPU.Build.0 = Debug|Any CPU
		{BBBE478D-E6ED-4194-83C0-FE9E0325AA6E}.Release|Any CPU.ActiveCfg = Release|Any CPU
		{BBBE478D-E6ED-4194-83C0-FE9E0325AA6E}.Release|Any CPU.Build.0 = Release|Any CPU
		{C189A75B-EFD2-48E4-9AD7-C3EA82ADDDB4}.Debug|Any CPU.ActiveCfg = Debug|Any CPU
		{C189A75B-EFD2-48E4-9AD7-C3EA82ADDDB4}.Debug|Any CPU.Build.0 = Debug|Any CPU
		{C189A75B-EFD2-48E4-9AD7-C3EA82ADDDB4}.Release|Any CPU.ActiveCfg = Release|Any CPU
		{C189A75B-EFD2-48E4-9AD7-C3EA82ADDDB4}.Release|Any CPU.Build.0 = Release|Any CPU
		{826A88E1-C2C1-4CE2-866E-3E412219F96A}.Debug|Any CPU.ActiveCfg = Debug|Any CPU
		{826A88E1-C2C1-4CE2-866E-3E412219F96A}.Debug|Any CPU.Build.0 = Debug|Any CPU
		{826A88E1-C2C1-4CE2-866E-3E412219F96A}.Release|Any CPU.ActiveCfg = Release|Any CPU
		{826A88E1-C2C1-4CE2-866E-3E412219F96A}.Release|Any CPU.Build.0 = Release|Any CPU
		{F9CC835A-2325-4671-8497-C3CCE8F97101}.Debug|Any CPU.ActiveCfg = Debug|Any CPU
		{F9CC835A-2325-4671-8497-C3CCE8F97101}.Debug|Any CPU.Build.0 = Debug|Any CPU
		{F9CC835A-2325-4671-8497-C3CCE8F97101}.Release|Any CPU.ActiveCfg = Release|Any CPU
		{F9CC835A-2325-4671-8497-C3CCE8F97101}.Release|Any CPU.Build.0 = Release|Any CPU
	EndGlobalSection
	GlobalSection(NestedProjects) = preSolution
		{BBBE478D-E6ED-4194-83C0-FE9E0325AA6E} = {3006B4E8-04EE-4EA2-9D33-4D3F26570E28}
		{9F15BEBE-5169-4C05-81F9-C2364C623BF8} = {3006B4E8-04EE-4EA2-9D33-4D3F26570E28}
		{6C02E53D-5E8A-48D6-AFAE-5C14DC35B61D} = {3006B4E8-04EE-4EA2-9D33-4D3F26570E28}
		{C189A75B-EFD2-48E4-9AD7-C3EA82ADDDB4} = {3006B4E8-04EE-4EA2-9D33-4D3F26570E28}
		{826A88E1-C2C1-4CE2-866E-3E412219F96A} = {3006B4E8-04EE-4EA2-9D33-4D3F26570E28}
		{F9CC835A-2325-4671-8497-C3CCE8F97101} = {3006B4E8-04EE-4EA2-9D33-4D3F26570E28}
	EndGlobalSection
EndGlobal
