
Microsoft Visual Studio Solution File, Format Version 12.00
# Visual Studio Version 17
VisualStudioVersion = 17.5.33627.172
MinimumVisualStudioVersion = 10.0.40219.1
Project("{9A19103F-16F7-4668-BE54-9A1E7A4F7556}") = "PetPPP", "PetPPP\PetPPP.csproj", "{9F15BEBE-5169-4C05-81F9-C2364C623BF8}"
EndProject
Project("{9A19103F-16F7-4668-BE54-9A1E7A4F7556}") = "ServiceContracts", "ServiceContracts\ServiceContracts.csproj", "{6C02E53D-5E8A-48D6-AFAE-5C14DC35B61D}"
EndProject
Project("{9A19103F-16F7-4668-BE54-9A1E7A4F7556}") = "MailService", "MailService\MailService.csproj", "{BBBE478D-E6ED-4194-83C0-FE9E0325AA6E}"
EndProject
Project("{2150E333-8FDC-42A3-9474-1A3956D46DE8}") = "src", "src", "{3006B4E8-04EE-4EA2-9D33-4D3F26570E28}"
EndProject
Project("{9A19103F-16F7-4668-BE54-9A1E7A4F7556}") = "Core", "Core\Core.csproj", "{C189A75B-EFD2-48E4-9AD7-C3EA82ADDDB4}"
EndProject
Project("{FAE04EC0-301F-11D3-BF4B-00C04F79EFBC}") = "DAL", "DAL\DAL.csproj", "{B820D8B4-A162-40A7-9B18-D84CE530FE39}"
EndProject
Project("{FAE04EC0-301F-11D3-BF4B-00C04F79EFBC}") = "PetPPP.BLL", "PetPPP.BLL\PetPPP.BLL.csproj", "{DFEC7FFD-B524-4CD0-B819-F4C733F4BAA6}"
EndProject
Project("{FAE04EC0-301F-11D3-BF4B-00C04F79EFBC}") = "PetPPP.BLL.Interfaces", "PetPPP.BLL.Interfaces\PetPPP.BLL.Interfaces.csproj", "{A5921D2A-18B6-418E-970B-2CAC236C934C}"
EndProject
Global
	GlobalSection(SolutionConfigurationPlatforms) = preSolution
		Debug|Any CPU = Debug|Any CPU
		Release|Any CPU = Release|Any CPU
	EndGlobalSection
	GlobalSection(ProjectConfigurationPlatforms) = postSolution
		{9F15BEBE-5169-4C05-81F9-C2364C623BF8}.Debug|Any CPU.ActiveCfg = Debug|Any CPU
		{9F15BEBE-5169-4C05-81F9-C2364C623BF8}.Debug|Any CPU.Build.0 = Debug|Any CPU
		{9F15BEBE-5169-4C05-81F9-C2364C623BF8}.Release|Any CPU.ActiveCfg = Release|Any CPU
		{9F15BEBE-5169-4C05-81F9-C2364C623BF8}.Release|Any CPU.Build.0 = Release|Any CPU
		{6C02E53D-5E8A-48D6-AFAE-5C14DC35B61D}.Debug|Any CPU.ActiveCfg = Debug|Any CPU
		{6C02E53D-5E8A-48D6-AFAE-5C14DC35B61D}.Debug|Any CPU.Build.0 = Debug|Any CPU
		{6C02E53D-5E8A-48D6-AFAE-5C14DC35B61D}.Release|Any CPU.ActiveCfg = Release|Any CPU
		{6C02E53D-5E8A-48D6-AFAE-5C14DC35B61D}.Release|Any CPU.Build.0 = Release|Any CPU
		{BBBE478D-E6ED-4194-83C0-FE9E0325AA6E}.Debug|Any CPU.ActiveCfg = Debug|Any CPU
		{BBBE478D-E6ED-4194-83C0-FE9E0325AA6E}.Debug|Any CPU.Build.0 = Debug|Any CPU
		{BBBE478D-E6ED-4194-83C0-FE9E0325AA6E}.Release|Any CPU.ActiveCfg = Release|Any CPU
		{BBBE478D-E6ED-4194-83C0-FE9E0325AA6E}.Release|Any CPU.Build.0 = Release|Any CPU
		{C189A75B-EFD2-48E4-9AD7-C3EA82ADDDB4}.Debug|Any CPU.ActiveCfg = Debug|Any CPU
		{C189A75B-EFD2-48E4-9AD7-C3EA82ADDDB4}.Debug|Any CPU.Build.0 = Debug|Any CPU
		{C189A75B-EFD2-48E4-9AD7-C3EA82ADDDB4}.Release|Any CPU.ActiveCfg = Release|Any CPU
		{C189A75B-EFD2-48E4-9AD7-C3EA82ADDDB4}.Release|Any CPU.Build.0 = Release|Any CPU
		{B820D8B4-A162-40A7-9B18-D84CE530FE39}.Debug|Any CPU.ActiveCfg = Debug|Any CPU
		{B820D8B4-A162-40A7-9B18-D84CE530FE39}.Debug|Any CPU.Build.0 = Debug|Any CPU
		{B820D8B4-A162-40A7-9B18-D84CE530FE39}.Release|Any CPU.ActiveCfg = Release|Any CPU
		{B820D8B4-A162-40A7-9B18-D84CE530FE39}.Release|Any CPU.Build.0 = Release|Any CPU
		{DFEC7FFD-B524-4CD0-B819-F4C733F4BAA6}.Debug|Any CPU.ActiveCfg = Debug|Any CPU
		{DFEC7FFD-B524-4CD0-B819-F4C733F4BAA6}.Debug|Any CPU.Build.0 = Debug|Any CPU
		{DFEC7FFD-B524-4CD0-B819-F4C733F4BAA6}.Release|Any CPU.ActiveCfg = Release|Any CPU
		{DFEC7FFD-B524-4CD0-B819-F4C733F4BAA6}.Release|Any CPU.Build.0 = Release|Any CPU
		{A5921D2A-18B6-418E-970B-2CAC236C934C}.Debug|Any CPU.ActiveCfg = Debug|Any CPU
		{A5921D2A-18B6-418E-970B-2CAC236C934C}.Debug|Any CPU.Build.0 = Debug|Any CPU
		{A5921D2A-18B6-418E-970B-2CAC236C934C}.Release|Any CPU.ActiveCfg = Release|Any CPU
		{A5921D2A-18B6-418E-970B-2CAC236C934C}.Release|Any CPU.Build.0 = Release|Any CPU
	EndGlobalSection
	GlobalSection(SolutionProperties) = preSolution
		HideSolutionNode = FALSE
	EndGlobalSection
	GlobalSection(NestedProjects) = preSolution
		{9F15BEBE-5169-4C05-81F9-C2364C623BF8} = {3006B4E8-04EE-4EA2-9D33-4D3F26570E28}
		{6C02E53D-5E8A-48D6-AFAE-5C14DC35B61D} = {3006B4E8-04EE-4EA2-9D33-4D3F26570E28}
		{BBBE478D-E6ED-4194-83C0-FE9E0325AA6E} = {3006B4E8-04EE-4EA2-9D33-4D3F26570E28}
		{C189A75B-EFD2-48E4-9AD7-C3EA82ADDDB4} = {3006B4E8-04EE-4EA2-9D33-4D3F26570E28}
		{B820D8B4-A162-40A7-9B18-D84CE530FE39} = {3006B4E8-04EE-4EA2-9D33-4D3F26570E28}
		{DFEC7FFD-B524-4CD0-B819-F4C733F4BAA6} = {3006B4E8-04EE-4EA2-9D33-4D3F26570E28}
		{A5921D2A-18B6-418E-970B-2CAC236C934C} = {3006B4E8-04EE-4EA2-9D33-4D3F26570E28}
	EndGlobalSection
	GlobalSection(ExtensibilityGlobals) = postSolution
		SolutionGuid = {45BDD286-C4DB-4B1A-849A-04D2659E65EF}
	EndGlobalSection
EndGlobal
